
Microsoft Visual Studio Solution File, Format Version 12.00
# Visual Studio Version 17
VisualStudioVersion = 17.9.34728.123
MinimumVisualStudioVersion = 10.0.40219.1
Project("{8BC9CEB8-8B4A-11D0-8D11-00A0C91BC942}") = "Sandbox", "Sandbox\Sandbox.vcxproj", "{4FA4208D-3D99-48D8-A55A-A7A5A0CF3DB9}"
EndProject
Project("{8BC9CEB8-8B4A-11D0-8D11-00A0C91BC942}") = "Hazel", "Hazel\Hazel.vcxproj", "{8720386D-2F69-4CA8-B6E2-4662444B2D11}"
EndProject
Global
	GlobalSection(SolutionConfigurationPlatforms) = preSolution
		Debug|x64 = Debug|x64
		Release|x64 = Release|x64
	EndGlobalSection
	GlobalSection(ProjectConfigurationPlatforms) = postSolution
		{8720386D-2F69-4CA8-B6E2-4662444B2D11}.Debug|x64.ActiveCfg = Debug|x64
		{8720386D-2F69-4CA8-B6E2-4662444B2D11}.Debug|x64.Build.0 = Debug|x64
		{8720386D-2F69-4CA8-B6E2-4662444B2D11}.Release|x64.ActiveCfg = Release|x64
		{8720386D-2F69-4CA8-B6E2-4662444B2D11}.Release|x64.Build.0 = Release|x64
		{4FA4208D-3D99-48D8-A55A-A7A5A0CF3DB9}.Debug|x64.ActiveCfg = Debug|x64
		{4FA4208D-3D99-48D8-A55A-A7A5A0CF3DB9}.Debug|x64.Build.0 = Debug|x64
		{4FA4208D-3D99-48D8-A55A-A7A5A0CF3DB9}.Release|x64.ActiveCfg = Release|x64
		{4FA4208D-3D99-48D8-A55A-A7A5A0CF3DB9}.Release|x64.Build.0 = Release|x64
	EndGlobalSection
	GlobalSection(SolutionProperties) = preSolution
		HideSolutionNode = FALSE
	EndGlobalSection
	GlobalSection(ExtensibilityGlobals) = postSolution
		SolutionGuid = {B1AA7A7D-DA5F-4612-A1F8-2E3B00946AD2}
	EndGlobalSection
EndGlobal
